
Microsoft Visual Studio Solution File, Format Version 12.00
# Visual Studio 15
VisualStudioVersion = 15.0.28010.2050
MinimumVisualStudioVersion = 10.0.40219.1
Project("{8BC9CEB8-8B4A-11D0-8D11-00A0C91BC942}") = "1stSDLWindow", "1stSDLWindow\1stSDLWindow.vcxproj", "{DD2C58FA-6B76-4665-9DF7-19DF19E1B3B4}"
EndProject
Global
	GlobalSection(SolutionConfigurationPlatforms) = preSolution
		Debug|x64 = Debug|x64
		Debug|x86 = Debug|x86
		Release|x64 = Release|x64
		Release|x86 = Release|x86
	EndGlobalSection
	GlobalSection(ProjectConfigurationPlatforms) = postSolution
		{DD2C58FA-6B76-4665-9DF7-19DF19E1B3B4}.Debug|x64.ActiveCfg = Debug|x64
		{DD2C58FA-6B76-4665-9DF7-19DF19E1B3B4}.Debug|x64.Build.0 = Debug|x64
		{DD2C58FA-6B76-4665-9DF7-19DF19E1B3B4}.Debug|x86.ActiveCfg = Debug|Win32
		{DD2C58FA-6B76-4665-9DF7-19DF19E1B3B4}.Debug|x86.Build.0 = Debug|Win32
		{DD2C58FA-6B76-4665-9DF7-19DF19E1B3B4}.Release|x64.ActiveCfg = Release|x64
		{DD2C58FA-6B76-4665-9DF7-19DF19E1B3B4}.Release|x64.Build.0 = Release|x64
		{DD2C58FA-6B76-4665-9DF7-19DF19E1B3B4}.Release|x86.ActiveCfg = Release|Win32
		{DD2C58FA-6B76-4665-9DF7-19DF19E1B3B4}.Release|x86.Build.0 = Release|Win32
	EndGlobalSection
	GlobalSection(SolutionProperties) = preSolution
		HideSolutionNode = FALSE
	EndGlobalSection
	GlobalSection(ExtensibilityGlobals) = postSolution
		SolutionGuid = {7C0166AA-A829-4EDC-9890-99C3B6553067}
	EndGlobalSection
EndGlobal
